
Microsoft Visual Studio Solution File, Format Version 12.00
# Visual Studio Version 16
VisualStudioVersion = 16.0.28407.52
MinimumVisualStudioVersion = 10.0.40219.1
Project("{FAE04EC0-301F-11D3-BF4B-00C04F79EFBC}") = "WebA", "WebA\WebA.csproj", "{8B6793E5-BDEF-44D5-B8CC-2D85F64EAB4A}"
EndProject
Project("{FAE04EC0-301F-11D3-BF4B-00C04F79EFBC}") = "Ocelot.Gateway", "Ocelot.Gateway\Ocelot.Gateway.csproj", "{A17E81BA-3569-4354-A5C3-20282147DACC}"
EndProject
Project("{FAE04EC0-301F-11D3-BF4B-00C04F79EFBC}") = "ConsulRegister", "ConsulRegister\ConsulRegister.csproj", "{8AC16919-BAB3-488F-A9F6-061EDFB1B587}"
EndProject
Project("{FAE04EC0-301F-11D3-BF4B-00C04F79EFBC}") = "WebB", "WebB\WebB.csproj", "{2BBDE8F6-7B92-4F3C-8115-4FEEA89EB066}"
EndProject
Global
	GlobalSection(SolutionConfigurationPlatforms) = preSolution
		Debug|Any CPU = Debug|Any CPU
		Release|Any CPU = Release|Any CPU
	EndGlobalSection
	GlobalSection(ProjectConfigurationPlatforms) = postSolution
		{8B6793E5-BDEF-44D5-B8CC-2D85F64EAB4A}.Debug|Any CPU.ActiveCfg = Debug|Any CPU
		{8B6793E5-BDEF-44D5-B8CC-2D85F64EAB4A}.Debug|Any CPU.Build.0 = Debug|Any CPU
		{8B6793E5-BDEF-44D5-B8CC-2D85F64EAB4A}.Release|Any CPU.ActiveCfg = Release|Any CPU
		{8B6793E5-BDEF-44D5-B8CC-2D85F64EAB4A}.Release|Any CPU.Build.0 = Release|Any CPU
		{A17E81BA-3569-4354-A5C3-20282147DACC}.Debug|Any CPU.ActiveCfg = Debug|Any CPU
		{A17E81BA-3569-4354-A5C3-20282147DACC}.Debug|Any CPU.Build.0 = Debug|Any CPU
		{A17E81BA-3569-4354-A5C3-20282147DACC}.Release|Any CPU.ActiveCfg = Release|Any CPU
		{A17E81BA-3569-4354-A5C3-20282147DACC}.Release|Any CPU.Build.0 = Release|Any CPU
		{8AC16919-BAB3-488F-A9F6-061EDFB1B587}.Debug|Any CPU.ActiveCfg = Debug|Any CPU
		{8AC16919-BAB3-488F-A9F6-061EDFB1B587}.Debug|Any CPU.Build.0 = Debug|Any CPU
		{8AC16919-BAB3-488F-A9F6-061EDFB1B587}.Release|Any CPU.ActiveCfg = Release|Any CPU
		{8AC16919-BAB3-488F-A9F6-061EDFB1B587}.Release|Any CPU.Build.0 = Release|Any CPU
		{2BBDE8F6-7B92-4F3C-8115-4FEEA89EB066}.Debug|Any CPU.ActiveCfg = Debug|Any CPU
		{2BBDE8F6-7B92-4F3C-8115-4FEEA89EB066}.Debug|Any CPU.Build.0 = Debug|Any CPU
		{2BBDE8F6-7B92-4F3C-8115-4FEEA89EB066}.Release|Any CPU.ActiveCfg = Release|Any CPU
		{2BBDE8F6-7B92-4F3C-8115-4FEEA89EB066}.Release|Any CPU.Build.0 = Release|Any CPU
	EndGlobalSection
	GlobalSection(SolutionProperties) = preSolution
		HideSolutionNode = FALSE
	EndGlobalSection
	GlobalSection(ExtensibilityGlobals) = postSolution
		SolutionGuid = {9028A317-40AA-4DF1-B919-47A902977F7C}
	EndGlobalSection
EndGlobal
